// !$*UTF8*$!
{
	archiveVersion = 1;
	classes = {
	};
	objectVersion = 55;
	objects = {

/* Begin PBXBuildFile section */
		423FDA922873390F009BEC91 /* PasswordManager.swift in Sources */ = {isa = PBXBuildFile; fileRef = 423FDA912873390F009BEC91 /* PasswordManager.swift */; };
		423FDA9428758343009BEC91 /* StatisticsVC.swift in Sources */ = {isa = PBXBuildFile; fileRef = 423FDA9328758343009BEC91 /* StatisticsVC.swift */; };
		423FDA982875839A009BEC91 /* NewsVC.swift in Sources */ = {isa = PBXBuildFile; fileRef = 423FDA972875839A009BEC91 /* NewsVC.swift */; };
		423FDA9E287EE81A009BEC91 /* DayVC.swift in Sources */ = {isa = PBXBuildFile; fileRef = 423FDA9D287EE81A009BEC91 /* DayVC.swift */; };
		423FDAA2287F2BF3009BEC91 /* AboutVC.swift in Sources */ = {isa = PBXBuildFile; fileRef = 423FDAA1287F2BF3009BEC91 /* AboutVC.swift */; };
		425ADE7F286B2DBF00A8AE90 /* StartVC.swift in Sources */ = {isa = PBXBuildFile; fileRef = 425ADE7E286B2DBF00A8AE90 /* StartVC.swift */; };
		425ADE8728731A8C00A8AE90 /* PasswordVC.swift in Sources */ = {isa = PBXBuildFile; fileRef = 425ADE8628731A8B00A8AE90 /* PasswordVC.swift */; };
		426B103E285A0A700010F9B8 /* AppDelegate.swift in Sources */ = {isa = PBXBuildFile; fileRef = 426B103D285A0A700010F9B8 /* AppDelegate.swift */; };
		426B1040285A0A700010F9B8 /* SceneDelegate.swift in Sources */ = {isa = PBXBuildFile; fileRef = 426B103F285A0A700010F9B8 /* SceneDelegate.swift */; };
		426B1042285A0A700010F9B8 /* CalendarVC.swift in Sources */ = {isa = PBXBuildFile; fileRef = 426B1041285A0A700010F9B8 /* CalendarVC.swift */; };
		426B1045285A0A700010F9B8 /* Main.storyboard in Resources */ = {isa = PBXBuildFile; fileRef = 426B1043285A0A700010F9B8 /* Main.storyboard */; };
		426B1047285A0A710010F9B8 /* Assets.xcassets in Resources */ = {isa = PBXBuildFile; fileRef = 426B1046285A0A710010F9B8 /* Assets.xcassets */; };
		426B104A285A0A710010F9B8 /* LaunchScreen.storyboard in Resources */ = {isa = PBXBuildFile; fileRef = 426B1048285A0A710010F9B8 /* LaunchScreen.storyboard */; };
		427A1DAD28ACD2A800409BE8 /* DayModel.swift in Sources */ = {isa = PBXBuildFile; fileRef = 427A1DAC28ACD2A800409BE8 /* DayModel.swift */; };
		427A1DB028ACD8CE00409BE8 /* Realm in Frameworks */ = {isa = PBXBuildFile; productRef = 427A1DAF28ACD8CE00409BE8 /* Realm */; };
		427A1DB228ACD8CE00409BE8 /* RealmSwift in Frameworks */ = {isa = PBXBuildFile; productRef = 427A1DB128ACD8CE00409BE8 /* RealmSwift */; };
		427A1DB428ACD97C00409BE8 /* RealmManager.swift in Sources */ = {isa = PBXBuildFile; fileRef = 427A1DB328ACD97C00409BE8 /* RealmManager.swift */; };
		428CE7D528B4AF810020BB71 /* Localizable.strings in Resources */ = {isa = PBXBuildFile; fileRef = 428CE7D728B4AF810020BB71 /* Localizable.strings */; };
		DF5D50719D0152C4C7BEDFED /* Pods_SexMeUp___sex_calendar.framework in Frameworks */ = {isa = PBXBuildFile; fileRef = AE710A411BD90A8253240F66 /* Pods_SexMeUp___sex_calendar.framework */; };
/* End PBXBuildFile section */

/* Begin PBXFileReference section */
		0724A1E2A8C78E8F4556ECD0 /* Pods-SexMeUp - sex calendar.release.xcconfig */ = {isa = PBXFileReference; includeInIndex = 1; lastKnownFileType = text.xcconfig; name = "Pods-SexMeUp - sex calendar.release.xcconfig"; path = "Target Support Files/Pods-SexMeUp - sex calendar/Pods-SexMeUp - sex calendar.release.xcconfig"; sourceTree = "<group>"; };
		423FDA912873390F009BEC91 /* PasswordManager.swift */ = {isa = PBXFileReference; lastKnownFileType = sourcecode.swift; path = PasswordManager.swift; sourceTree = "<group>"; };
		423FDA9328758343009BEC91 /* StatisticsVC.swift */ = {isa = PBXFileReference; lastKnownFileType = sourcecode.swift; path = StatisticsVC.swift; sourceTree = "<group>"; };
		423FDA972875839A009BEC91 /* NewsVC.swift */ = {isa = PBXFileReference; lastKnownFileType = sourcecode.swift; path = NewsVC.swift; sourceTree = "<group>"; };
		423FDA9D287EE81A009BEC91 /* DayVC.swift */ = {isa = PBXFileReference; lastKnownFileType = sourcecode.swift; path = DayVC.swift; sourceTree = "<group>"; };
		423FDAA1287F2BF3009BEC91 /* AboutVC.swift */ = {isa = PBXFileReference; lastKnownFileType = sourcecode.swift; path = AboutVC.swift; sourceTree = "<group>"; };
		425ADE7E286B2DBF00A8AE90 /* StartVC.swift */ = {isa = PBXFileReference; lastKnownFileType = sourcecode.swift; path = StartVC.swift; sourceTree = "<group>"; };
		425ADE8628731A8B00A8AE90 /* PasswordVC.swift */ = {isa = PBXFileReference; lastKnownFileType = sourcecode.swift; path = PasswordVC.swift; sourceTree = "<group>"; };
		426B103A285A0A700010F9B8 /* SexMeUp - sex calendar.app */ = {isa = PBXFileReference; explicitFileType = wrapper.application; includeInIndex = 0; path = "SexMeUp - sex calendar.app"; sourceTree = BUILT_PRODUCTS_DIR; };
		426B103D285A0A700010F9B8 /* AppDelegate.swift */ = {isa = PBXFileReference; lastKnownFileType = sourcecode.swift; path = AppDelegate.swift; sourceTree = "<group>"; };
		426B103F285A0A700010F9B8 /* SceneDelegate.swift */ = {isa = PBXFileReference; lastKnownFileType = sourcecode.swift; path = SceneDelegate.swift; sourceTree = "<group>"; };
		426B1041285A0A700010F9B8 /* CalendarVC.swift */ = {isa = PBXFileReference; lastKnownFileType = sourcecode.swift; path = CalendarVC.swift; sourceTree = "<group>"; };
		426B1044285A0A700010F9B8 /* Base */ = {isa = PBXFileReference; lastKnownFileType = file.storyboard; name = Base; path = Base.lproj/Main.storyboard; sourceTree = "<group>"; };
		426B1046285A0A710010F9B8 /* Assets.xcassets */ = {isa = PBXFileReference; lastKnownFileType = folder.assetcatalog; path = Assets.xcassets; sourceTree = "<group>"; };
		426B1049285A0A710010F9B8 /* Base */ = {isa = PBXFileReference; lastKnownFileType = file.storyboard; name = Base; path = Base.lproj/LaunchScreen.storyboard; sourceTree = "<group>"; };
		426B104B285A0A710010F9B8 /* Info.plist */ = {isa = PBXFileReference; lastKnownFileType = text.plist.xml; path = Info.plist; sourceTree = "<group>"; };
		427A1DAC28ACD2A800409BE8 /* DayModel.swift */ = {isa = PBXFileReference; lastKnownFileType = sourcecode.swift; path = DayModel.swift; sourceTree = "<group>"; };
		427A1DB328ACD97C00409BE8 /* RealmManager.swift */ = {isa = PBXFileReference; lastKnownFileType = sourcecode.swift; path = RealmManager.swift; sourceTree = "<group>"; };
		428CE7CC28B4A4890020BB71 /* ru */ = {isa = PBXFileReference; lastKnownFileType = text.plist.strings; name = ru; path = ru.lproj/Main.strings; sourceTree = "<group>"; };
		428CE7D628B4AF810020BB71 /* en */ = {isa = PBXFileReference; lastKnownFileType = text.plist.strings; name = en; path = en.lproj/Localizable.strings; sourceTree = "<group>"; };
		428CE7D828B4AF830020BB71 /* ru */ = {isa = PBXFileReference; lastKnownFileType = text.plist.strings; name = ru; path = ru.lproj/Localizable.strings; sourceTree = "<group>"; };
		AE710A411BD90A8253240F66 /* Pods_SexMeUp___sex_calendar.framework */ = {isa = PBXFileReference; explicitFileType = wrapper.framework; includeInIndex = 0; path = "Pods_SexMeUp___sex_calendar.framework"; sourceTree = BUILT_PRODUCTS_DIR; };
		E3515FBE8D049A8DA85161AB /* Pods-SexMeUp - sex calendar.debug.xcconfig */ = {isa = PBXFileReference; includeInIndex = 1; lastKnownFileType = text.xcconfig; name = "Pods-SexMeUp - sex calendar.debug.xcconfig"; path = "Target Support Files/Pods-SexMeUp - sex calendar/Pods-SexMeUp - sex calendar.debug.xcconfig"; sourceTree = "<group>"; };
/* End PBXFileReference section */

/* Begin PBXFrameworksBuildPhase section */
		426B1037285A0A700010F9B8 /* Frameworks */ = {
			isa = PBXFrameworksBuildPhase;
			buildActionMask = 2147483647;
			files = (
				427A1DB228ACD8CE00409BE8 /* RealmSwift in Frameworks */,
				427A1DB028ACD8CE00409BE8 /* Realm in Frameworks */,
				DF5D50719D0152C4C7BEDFED /* Pods_SexMeUp___sex_calendar.framework in Frameworks */,
			);
			runOnlyForDeploymentPostprocessing = 0;
		};
/* End PBXFrameworksBuildPhase section */

/* Begin PBXGroup section */
		423FDA9B287863FD009BEC91 /* Common */ = {
			isa = PBXGroup;
			children = (
				427A1DAC28ACD2A800409BE8 /* DayModel.swift */,
				427A1DB328ACD97C00409BE8 /* RealmManager.swift */,
				423FDA912873390F009BEC91 /* PasswordManager.swift */,
			);
			path = Common;
			sourceTree = "<group>";
		};
		423FDA9C28786414009BEC91 /* Views */ = {
			isa = PBXGroup;
			children = (
				425ADE7E286B2DBF00A8AE90 /* StartVC.swift */,
				425ADE8628731A8B00A8AE90 /* PasswordVC.swift */,
				426B1041285A0A700010F9B8 /* CalendarVC.swift */,
				423FDA972875839A009BEC91 /* NewsVC.swift */,
				423FDA9328758343009BEC91 /* StatisticsVC.swift */,
				423FDAA1287F2BF3009BEC91 /* AboutVC.swift */,
				423FDA9D287EE81A009BEC91 /* DayVC.swift */,
			);
			path = Views;
			sourceTree = "<group>";
		};
		426B1031285A0A700010F9B8 = {
			isa = PBXGroup;
			children = (
				426B103C285A0A700010F9B8 /* SexMeUp - sex calendar */,
				426B103B285A0A700010F9B8 /* Products */,
				F4B89E0D034617977B67553C /* Pods */,
				870BAB20354075D3EB353CAB /* Frameworks */,
			);
			sourceTree = "<group>";
		};
		426B103B285A0A700010F9B8 /* Products */ = {
			isa = PBXGroup;
			children = (
				426B103A285A0A700010F9B8 /* SexMeUp - sex calendar.app */,
			);
			name = Products;
			sourceTree = "<group>";
		};
		426B103C285A0A700010F9B8 /* SexMeUp - sex calendar */ = {
			isa = PBXGroup;
			children = (
				426B103D285A0A700010F9B8 /* AppDelegate.swift */,
				426B103F285A0A700010F9B8 /* SceneDelegate.swift */,
				423FDA9B287863FD009BEC91 /* Common */,
				423FDA9C28786414009BEC91 /* Views */,
				426B1043285A0A700010F9B8 /* Main.storyboard */,
				426B1046285A0A710010F9B8 /* Assets.xcassets */,
				426B1048285A0A710010F9B8 /* LaunchScreen.storyboard */,
				428CE7D728B4AF810020BB71 /* Localizable.strings */,
				426B104B285A0A710010F9B8 /* Info.plist */,
			);
			path = "SexMeUp - sex calendar";
			sourceTree = "<group>";
		};
		870BAB20354075D3EB353CAB /* Frameworks */ = {
			isa = PBXGroup;
			children = (
				AE710A411BD90A8253240F66 /* Pods_SexMeUp___sex_calendar.framework */,
			);
			name = Frameworks;
			sourceTree = "<group>";
		};
		F4B89E0D034617977B67553C /* Pods */ = {
			isa = PBXGroup;
			children = (
				E3515FBE8D049A8DA85161AB /* Pods-SexMeUp - sex calendar.debug.xcconfig */,
				0724A1E2A8C78E8F4556ECD0 /* Pods-SexMeUp - sex calendar.release.xcconfig */,
			);
			path = Pods;
			sourceTree = "<group>";
		};
/* End PBXGroup section */

/* Begin PBXNativeTarget section */
		426B1039285A0A700010F9B8 /* SexMeUp - sex calendar */ = {
			isa = PBXNativeTarget;
			buildConfigurationList = 426B104E285A0A710010F9B8 /* Build configuration list for PBXNativeTarget "SexMeUp - sex calendar" */;
			buildPhases = (
				77FCAA8D0C3D1F0D550C5A9F /* [CP] Check Pods Manifest.lock */,
				426B1036285A0A700010F9B8 /* Sources */,
				426B1037285A0A700010F9B8 /* Frameworks */,
				426B1038285A0A700010F9B8 /* Resources */,
				FC6F0D8790416F9B0268380D /* [CP] Embed Pods Frameworks */,
			);
			buildRules = (
			);
			dependencies = (
			);
			name = "SexMeUp - sex calendar";
			packageProductDependencies = (
				427A1DAF28ACD8CE00409BE8 /* Realm */,
				427A1DB128ACD8CE00409BE8 /* RealmSwift */,
			);
			productName = "SexMeUp - sex calendar";
			productReference = 426B103A285A0A700010F9B8 /* SexMeUp - sex calendar.app */;
			productType = "com.apple.product-type.application";
		};
/* End PBXNativeTarget section */

/* Begin PBXProject section */
		426B1032285A0A700010F9B8 /* Project object */ = {
			isa = PBXProject;
			attributes = {
				BuildIndependentTargetsInParallel = 1;
				KnownAssetTags = (
					1,
				);
				LastSwiftUpdateCheck = 1340;
				LastUpgradeCheck = 1340;
				TargetAttributes = {
					426B1039285A0A700010F9B8 = {
						CreatedOnToolsVersion = 13.4.1;
					};
				};
			};
			buildConfigurationList = 426B1035285A0A700010F9B8 /* Build configuration list for PBXProject "SexMeUp - sex calendar" */;
			compatibilityVersion = "Xcode 13.0";
			developmentRegion = en;
			hasScannedForEncodings = 0;
			knownRegions = (
				en,
				Base,
				ru,
			);
			mainGroup = 426B1031285A0A700010F9B8;
			packageReferences = (
				427A1DAE28ACD8CE00409BE8 /* XCRemoteSwiftPackageReference "realm-swift" */,
			);
			productRefGroup = 426B103B285A0A700010F9B8 /* Products */;
			projectDirPath = "";
			projectRoot = "";
			targets = (
				426B1039285A0A700010F9B8 /* SexMeUp - sex calendar */,
			);
		};
/* End PBXProject section */

/* Begin PBXResourcesBuildPhase section */
		426B1038285A0A700010F9B8 /* Resources */ = {
			isa = PBXResourcesBuildPhase;
			buildActionMask = 2147483647;
			files = (
				426B104A285A0A710010F9B8 /* LaunchScreen.storyboard in Resources */,
				428CE7D528B4AF810020BB71 /* Localizable.strings in Resources */,
				426B1047285A0A710010F9B8 /* Assets.xcassets in Resources */,
				426B1045285A0A700010F9B8 /* Main.storyboard in Resources */,
			);
			runOnlyForDeploymentPostprocessing = 0;
		};
/* End PBXResourcesBuildPhase section */

/* Begin PBXShellScriptBuildPhase section */
		77FCAA8D0C3D1F0D550C5A9F /* [CP] Check Pods Manifest.lock */ = {
			isa = PBXShellScriptBuildPhase;
			buildActionMask = 2147483647;
			files = (
			);
			inputFileListPaths = (
			);
			inputPaths = (
				"${PODS_PODFILE_DIR_PATH}/Podfile.lock",
				"${PODS_ROOT}/Manifest.lock",
			);
			name = "[CP] Check Pods Manifest.lock";
			outputFileListPaths = (
			);
			outputPaths = (
				"$(DERIVED_FILE_DIR)/Pods-SexMeUp - sex calendar-checkManifestLockResult.txt",
			);
			runOnlyForDeploymentPostprocessing = 0;
			shellPath = /bin/sh;
			shellScript = "diff \"${PODS_PODFILE_DIR_PATH}/Podfile.lock\" \"${PODS_ROOT}/Manifest.lock\" > /dev/null\nif [ $? != 0 ] ; then\n    # print error to STDERR\n    echo \"error: The sandbox is not in sync with the Podfile.lock. Run 'pod install' or update your CocoaPods installation.\" >&2\n    exit 1\nfi\n# This output is used by Xcode 'outputs' to avoid re-running this script phase.\necho \"SUCCESS\" > \"${SCRIPT_OUTPUT_FILE_0}\"\n";
			showEnvVarsInLog = 0;
		};
		FC6F0D8790416F9B0268380D /* [CP] Embed Pods Frameworks */ = {
			isa = PBXShellScriptBuildPhase;
			buildActionMask = 2147483647;
			files = (
			);
			inputFileListPaths = (
				"${PODS_ROOT}/Target Support Files/Pods-SexMeUp - sex calendar/Pods-SexMeUp - sex calendar-frameworks-${CONFIGURATION}-input-files.xcfilelist",
			);
			name = "[CP] Embed Pods Frameworks";
			outputFileListPaths = (
				"${PODS_ROOT}/Target Support Files/Pods-SexMeUp - sex calendar/Pods-SexMeUp - sex calendar-frameworks-${CONFIGURATION}-output-files.xcfilelist",
			);
			runOnlyForDeploymentPostprocessing = 0;
			shellPath = /bin/sh;
			shellScript = "\"${PODS_ROOT}/Target Support Files/Pods-SexMeUp - sex calendar/Pods-SexMeUp - sex calendar-frameworks.sh\"\n";
			showEnvVarsInLog = 0;
		};
/* End PBXShellScriptBuildPhase section */

/* Begin PBXSourcesBuildPhase section */
		426B1036285A0A700010F9B8 /* Sources */ = {
			isa = PBXSourcesBuildPhase;
			buildActionMask = 2147483647;
			files = (
				423FDA922873390F009BEC91 /* PasswordManager.swift in Sources */,
				427A1DB428ACD97C00409BE8 /* RealmManager.swift in Sources */,
				427A1DAD28ACD2A800409BE8 /* DayModel.swift in Sources */,
				426B1042285A0A700010F9B8 /* CalendarVC.swift in Sources */,
				425ADE8728731A8C00A8AE90 /* PasswordVC.swift in Sources */,
				423FDA9E287EE81A009BEC91 /* DayVC.swift in Sources */,
				426B103E285A0A700010F9B8 /* AppDelegate.swift in Sources */,
				423FDA9428758343009BEC91 /* StatisticsVC.swift in Sources */,
				423FDAA2287F2BF3009BEC91 /* AboutVC.swift in Sources */,
				423FDA982875839A009BEC91 /* NewsVC.swift in Sources */,
				426B1040285A0A700010F9B8 /* SceneDelegate.swift in Sources */,
				425ADE7F286B2DBF00A8AE90 /* StartVC.swift in Sources */,
			);
			runOnlyForDeploymentPostprocessing = 0;
		};
/* End PBXSourcesBuildPhase section */

/* Begin PBXVariantGroup section */
		426B1043285A0A700010F9B8 /* Main.storyboard */ = {
			isa = PBXVariantGroup;
			children = (
				426B1044285A0A700010F9B8 /* Base */,
				428CE7CC28B4A4890020BB71 /* ru */,
			);
			name = Main.storyboard;
			sourceTree = "<group>";
		};
		426B1048285A0A710010F9B8 /* LaunchScreen.storyboard */ = {
			isa = PBXVariantGroup;
			children = (
				426B1049285A0A710010F9B8 /* Base */,
			);
			name = LaunchScreen.storyboard;
			sourceTree = "<group>";
		};
		428CE7D728B4AF810020BB71 /* Localizable.strings */ = {
			isa = PBXVariantGroup;
			children = (
				428CE7D628B4AF810020BB71 /* en */,
				428CE7D828B4AF830020BB71 /* ru */,
			);
			name = Localizable.strings;
			sourceTree = "<group>";
		};
/* End PBXVariantGroup section */

/* Begin XCBuildConfiguration section */
		426B104C285A0A710010F9B8 /* Debug */ = {
			isa = XCBuildConfiguration;
			buildSettings = {
				ALWAYS_SEARCH_USER_PATHS = NO;
				CLANG_ANALYZER_LOCALIZABILITY_NONLOCALIZED = YES;
				CLANG_ANALYZER_NONNULL = YES;
				CLANG_ANALYZER_NUMBER_OBJECT_CONVERSION = YES_AGGRESSIVE;
				CLANG_CXX_LANGUAGE_STANDARD = "gnu++17";
				CLANG_ENABLE_MODULES = YES;
				CLANG_ENABLE_OBJC_ARC = YES;
				CLANG_ENABLE_OBJC_WEAK = YES;
				CLANG_WARN_BLOCK_CAPTURE_AUTORELEASING = YES;
				CLANG_WARN_BOOL_CONVERSION = YES;
				CLANG_WARN_COMMA = YES;
				CLANG_WARN_CONSTANT_CONVERSION = YES;
				CLANG_WARN_DEPRECATED_OBJC_IMPLEMENTATIONS = YES;
				CLANG_WARN_DIRECT_OBJC_ISA_USAGE = YES_ERROR;
				CLANG_WARN_DOCUMENTATION_COMMENTS = YES;
				CLANG_WARN_EMPTY_BODY = YES;
				CLANG_WARN_ENUM_CONVERSION = YES;
				CLANG_WARN_INFINITE_RECURSION = YES;
				CLANG_WARN_INT_CONVERSION = YES;
				CLANG_WARN_NON_LITERAL_NULL_CONVERSION = YES;
				CLANG_WARN_OBJC_IMPLICIT_RETAIN_SELF = YES;
				CLANG_WARN_OBJC_LITERAL_CONVERSION = YES;
				CLANG_WARN_OBJC_ROOT_CLASS = YES_ERROR;
				CLANG_WARN_QUOTED_INCLUDE_IN_FRAMEWORK_HEADER = YES;
				CLANG_WARN_RANGE_LOOP_ANALYSIS = YES;
				CLANG_WARN_STRICT_PROTOTYPES = YES;
				CLANG_WARN_SUSPICIOUS_MOVE = YES;
				CLANG_WARN_UNGUARDED_AVAILABILITY = YES_AGGRESSIVE;
				CLANG_WARN_UNREACHABLE_CODE = YES;
				CLANG_WARN__DUPLICATE_METHOD_MATCH = YES;
				COPY_PHASE_STRIP = NO;
				DEBUG_INFORMATION_FORMAT = dwarf;
				ENABLE_STRICT_OBJC_MSGSEND = YES;
				ENABLE_TESTABILITY = YES;
				GCC_C_LANGUAGE_STANDARD = gnu11;
				GCC_DYNAMIC_NO_PIC = NO;
				GCC_NO_COMMON_BLOCKS = YES;
				GCC_OPTIMIZATION_LEVEL = 0;
				GCC_PREPROCESSOR_DEFINITIONS = (
					"DEBUG=1",
					"$(inherited)",
				);
				GCC_WARN_64_TO_32_BIT_CONVERSION = YES;
				GCC_WARN_ABOUT_RETURN_TYPE = YES_ERROR;
				GCC_WARN_UNDECLARED_SELECTOR = YES;
				GCC_WARN_UNINITIALIZED_AUTOS = YES_AGGRESSIVE;
				GCC_WARN_UNUSED_FUNCTION = YES;
				GCC_WARN_UNUSED_VARIABLE = YES;
				IPHONEOS_DEPLOYMENT_TARGET = 15.5;
				MTL_ENABLE_DEBUG_INFO = INCLUDE_SOURCE;
				MTL_FAST_MATH = YES;
				ONLY_ACTIVE_ARCH = YES;
				SDKROOT = iphoneos;
				SWIFT_ACTIVE_COMPILATION_CONDITIONS = DEBUG;
				SWIFT_OPTIMIZATION_LEVEL = "-Onone";
			};
			name = Debug;
		};
		426B104D285A0A710010F9B8 /* Release */ = {
			isa = XCBuildConfiguration;
			buildSettings = {
				ALWAYS_SEARCH_USER_PATHS = NO;
				CLANG_ANALYZER_LOCALIZABILITY_NONLOCALIZED = YES;
				CLANG_ANALYZER_NONNULL = YES;
				CLANG_ANALYZER_NUMBER_OBJECT_CONVERSION = YES_AGGRESSIVE;
				CLANG_CXX_LANGUAGE_STANDARD = "gnu++17";
				CLANG_ENABLE_MODULES = YES;
				CLANG_ENABLE_OBJC_ARC = YES;
				CLANG_ENABLE_OBJC_WEAK = YES;
				CLANG_WARN_BLOCK_CAPTURE_AUTORELEASING = YES;
				CLANG_WARN_BOOL_CONVERSION = YES;
				CLANG_WARN_COMMA = YES;
				CLANG_WARN_CONSTANT_CONVERSION = YES;
				CLANG_WARN_DEPRECATED_OBJC_IMPLEMENTATIONS = YES;
				CLANG_WARN_DIRECT_OBJC_ISA_USAGE = YES_ERROR;
				CLANG_WARN_DOCUMENTATION_COMMENTS = YES;
				CLANG_WARN_EMPTY_BODY = YES;
				CLANG_WARN_ENUM_CONVERSION = YES;
				CLANG_WARN_INFINITE_RECURSION = YES;
				CLANG_WARN_INT_CONVERSION = YES;
				CLANG_WARN_NON_LITERAL_NULL_CONVERSION = YES;
				CLANG_WARN_OBJC_IMPLICIT_RETAIN_SELF = YES;
				CLANG_WARN_OBJC_LITERAL_CONVERSION = YES;
				CLANG_WARN_OBJC_ROOT_CLASS = YES_ERROR;
				CLANG_WARN_QUOTED_INCLUDE_IN_FRAMEWORK_HEADER = YES;
				CLANG_WARN_RANGE_LOOP_ANALYSIS = YES;
				CLANG_WARN_STRICT_PROTOTYPES = YES;
				CLANG_WARN_SUSPICIOUS_MOVE = YES;
				CLANG_WARN_UNGUARDED_AVAILABILITY = YES_AGGRESSIVE;
				CLANG_WARN_UNREACHABLE_CODE = YES;
				CLANG_WARN__DUPLICATE_METHOD_MATCH = YES;
				COPY_PHASE_STRIP = NO;
				DEBUG_INFORMATION_FORMAT = "dwarf-with-dsym";
				ENABLE_NS_ASSERTIONS = NO;
				ENABLE_STRICT_OBJC_MSGSEND = YES;
				GCC_C_LANGUAGE_STANDARD = gnu11;
				GCC_NO_COMMON_BLOCKS = YES;
				GCC_WARN_64_TO_32_BIT_CONVERSION = YES;
				GCC_WARN_ABOUT_RETURN_TYPE = YES_ERROR;
				GCC_WARN_UNDECLARED_SELECTOR = YES;
				GCC_WARN_UNINITIALIZED_AUTOS = YES_AGGRESSIVE;
				GCC_WARN_UNUSED_FUNCTION = YES;
				GCC_WARN_UNUSED_VARIABLE = YES;
				IPHONEOS_DEPLOYMENT_TARGET = 15.5;
				MTL_ENABLE_DEBUG_INFO = NO;
				MTL_FAST_MATH = YES;
				SDKROOT = iphoneos;
				SWIFT_COMPILATION_MODE = wholemodule;
				SWIFT_OPTIMIZATION_LEVEL = "-O";
				VALIDATE_PRODUCT = YES;
			};
			name = Release;
		};
		426B104F285A0A710010F9B8 /* Debug */ = {
			isa = XCBuildConfiguration;
			baseConfigurationReference = E3515FBE8D049A8DA85161AB /* Pods-SexMeUp - sex calendar.debug.xcconfig */;
			buildSettings = {
				ASSETCATALOG_COMPILER_APPICON_NAME = AppIcon;
				ASSETCATALOG_COMPILER_GLOBAL_ACCENT_COLOR_NAME = AccentColor;
				CODE_SIGN_STYLE = Automatic;
				CURRENT_PROJECT_VERSION = 1;
				DEVELOPMENT_TEAM = GLTR4U994Q;
				GENERATE_INFOPLIST_FILE = YES;
				INFOPLIST_FILE = "SexMeUp - sex calendar/Info.plist";
				INFOPLIST_KEY_UIApplicationSupportsIndirectInputEvents = YES;
				INFOPLIST_KEY_UILaunchStoryboardName = LaunchScreen;
				INFOPLIST_KEY_UIMainStoryboardFile = Main;
				INFOPLIST_KEY_UISupportedInterfaceOrientations_iPad = "UIInterfaceOrientationPortrait UIInterfaceOrientationPortraitUpsideDown UIInterfaceOrientationLandscapeLeft UIInterfaceOrientationLandscapeRight";
				INFOPLIST_KEY_UISupportedInterfaceOrientations_iPhone = "UIInterfaceOrientationPortrait UIInterfaceOrientationLandscapeLeft UIInterfaceOrientationLandscapeRight";
				LD_RUNPATH_SEARCH_PATHS = (
					"$(inherited)",
					"@executable_path/Frameworks",
				);
				MARKETING_VERSION = 1.0;
				PRODUCT_BUNDLE_IDENTIFIER = "by.Artsem-Siman.SexMeUp---sex-calendar";
				PRODUCT_NAME = "$(TARGET_NAME)";
				SWIFT_EMIT_LOC_STRINGS = YES;
				SWIFT_VERSION = 5.0;
				TARGETED_DEVICE_FAMILY = "1,2";
			};
			name = Debug;
		};
		426B1050285A0A710010F9B8 /* Release */ = {
			isa = XCBuildConfiguration;
			baseConfigurationReference = 0724A1E2A8C78E8F4556ECD0 /* Pods-SexMeUp - sex calendar.release.xcconfig */;
			buildSettings = {
				ASSETCATALOG_COMPILER_APPICON_NAME = AppIcon;
				ASSETCATALOG_COMPILER_GLOBAL_ACCENT_COLOR_NAME = AccentColor;
				CODE_SIGN_STYLE = Automatic;
				CURRENT_PROJECT_VERSION = 1;
				DEVELOPMENT_TEAM = GLTR4U994Q;
				GENERATE_INFOPLIST_FILE = YES;
				INFOPLIST_FILE = "SexMeUp - sex calendar/Info.plist";
				INFOPLIST_KEY_UIApplicationSupportsIndirectInputEvents = YES;
				INFOPLIST_KEY_UILaunchStoryboardName = LaunchScreen;
				INFOPLIST_KEY_UIMainStoryboardFile = Main;
				INFOPLIST_KEY_UISupportedInterfaceOrientations_iPad = "UIInterfaceOrientationPortrait UIInterfaceOrientationPortraitUpsideDown UIInterfaceOrientationLandscapeLeft UIInterfaceOrientationLandscapeRight";
				INFOPLIST_KEY_UISupportedInterfaceOrientations_iPhone = "UIInterfaceOrientationPortrait UIInterfaceOrientationLandscapeLeft UIInterfaceOrientationLandscapeRight";
				LD_RUNPATH_SEARCH_PATHS = (
					"$(inherited)",
					"@executable_path/Frameworks",
				);
				MARKETING_VERSION = 1.0;
				PRODUCT_BUNDLE_IDENTIFIER = "by.Artsem-Siman.SexMeUp---sex-calendar";
				PRODUCT_NAME = "$(TARGET_NAME)";
				SWIFT_EMIT_LOC_STRINGS = YES;
				SWIFT_VERSION = 5.0;
				TARGETED_DEVICE_FAMILY = "1,2";
			};
			name = Release;
		};
/* End XCBuildConfiguration section */

/* Begin XCConfigurationList section */
		426B1035285A0A700010F9B8 /* Build configuration list for PBXProject "SexMeUp - sex calendar" */ = {
			isa = XCConfigurationList;
			buildConfigurations = (
				426B104C285A0A710010F9B8 /* Debug */,
				426B104D285A0A710010F9B8 /* Release */,
			);
			defaultConfigurationIsVisible = 0;
			defaultConfigurationName = Release;
		};
		426B104E285A0A710010F9B8 /* Build configuration list for PBXNativeTarget "SexMeUp - sex calendar" */ = {
			isa = XCConfigurationList;
			buildConfigurations = (
				426B104F285A0A710010F9B8 /* Debug */,
				426B1050285A0A710010F9B8 /* Release */,
			);
			defaultConfigurationIsVisible = 0;
			defaultConfigurationName = Release;
		};
/* End XCConfigurationList section */

/* Begin XCRemoteSwiftPackageReference section */
		427A1DAE28ACD8CE00409BE8 /* XCRemoteSwiftPackageReference "realm-swift" */ = {
			isa = XCRemoteSwiftPackageReference;
			repositoryURL = "https://github.com/realm/realm-swift.git";
			requirement = {
				kind = upToNextMajorVersion;
				minimumVersion = 10.28.5;
			};
		};
/* End XCRemoteSwiftPackageReference section */

/* Begin XCSwiftPackageProductDependency section */
		427A1DAF28ACD8CE00409BE8 /* Realm */ = {
			isa = XCSwiftPackageProductDependency;
			package = 427A1DAE28ACD8CE00409BE8 /* XCRemoteSwiftPackageReference "realm-swift" */;
			productName = Realm;
		};
		427A1DB128ACD8CE00409BE8 /* RealmSwift */ = {
			isa = XCSwiftPackageProductDependency;
			package = 427A1DAE28ACD8CE00409BE8 /* XCRemoteSwiftPackageReference "realm-swift" */;
			productName = RealmSwift;
		};
/* End XCSwiftPackageProductDependency section */
	};
	rootObject = 426B1032285A0A700010F9B8 /* Project object */;
}
